# This file is autogenerated, do not edit; changes may be undone by the next 'dep ensure'.


[[projects]]
  digest = "1:14a5b73dcf4deb1761ee95efe6ce9e7f94e00bf30b010353acc639f60902a701"
  name = "github.com/NYTimes/gziphandler"
  packages = ["."]
  pruneopts = "UT"
  revision = "d6f46609c7629af3a02d791a4666866eed3cbd3e"
  version = "v1.0.0"

[[projects]]
  digest = "1:78ed7ffcc4daf96f56e8fceda849b01ef3aecc72814ba1df9649c23ed0823c49"
  name = "github.com/RoaringBitmap/roaring"
  packages = ["."]
  pruneopts = "UT"
  revision = "0a6691af7cd3c226e37bcf45fa19f427b615edcd"
  version = "v0.4.0"

[[projects]]
  branch = "master"
  digest = "1:64032380524ef4bdf370ed291ec02f0c129d540d91fac689bfb693ef203d73dd"
  name = "github.com/Smerity/govarint"
  packages = ["."]
  pruneopts = "UT"
  revision = "7265e41f48f15fd61751e16da866af3c704bb3ab"

[[projects]]
  branch = "master"
  digest = "1:b7c7d630ac0409278fee7b69fc264b7ea4596b068318a57529e479596b76f4f1"
  name = "github.com/blevesearch/bleve"
  packages = [
    ".",
    "analysis",
    "analysis/analyzer/standard",
    "analysis/datetime/flexible",
    "analysis/datetime/optional",
    "analysis/lang/en",
    "analysis/token/lowercase",
    "analysis/token/porter",
    "analysis/token/stop",
    "analysis/tokenizer/unicode",
    "document",
    "geo",
    "index",
    "index/scorch",
    "index/scorch/mergeplan",
    "index/scorch/segment",
    "index/scorch/segment/mem",
    "index/scorch/segment/zap",
    "index/store",
    "index/store/boltdb",
    "index/store/gtreap",
    "index/upsidedown",
    "mapping",
    "numeric",
    "registry",
    "search",
    "search/collector",
    "search/facet",
    "search/highlight",
    "search/highlight/format/html",
    "search/highlight/fragmenter/simple",
    "search/highlight/highlighter/html",
    "search/highlight/highlighter/simple",
    "search/query",
    "search/scorer",
    "search/searcher",
  ]
  pruneopts = "UT"
  revision = "4d71e901e866e06c006302d8e2b5bc71b7ce0793"

[[projects]]
  digest = "1:c7ca2c9ba8df8413dc4a42524d6051a52b2a1eaf2c57abbf72f70b3aec832425"
  name = "github.com/blevesearch/go-porterstemmer"
  packages = ["."]
  pruneopts = "UT"
  revision = "b4dd94e38f29620fe0f97ae4b0f6994b0d5d75f0"
  version = "v1.0.1"

[[projects]]
  branch = "master"
  digest = "1:e2a3505121c69765ccab66f72553c165150b0de22ecb7eca80dd9e26c61fc12e"
  name = "github.com/blevesearch/segment"
  packages = ["."]
  pruneopts = "UT"
  revision = "762005e7a34fd909a84586299f1dd457371d36ee"

[[projects]]
  branch = "master"
  digest = "1:8a94a15cd36028e52e4acb843458efb7c8e4a06795591f47f8e4e436a7320459"
  name = "github.com/boltdb/bolt"
  packages = ["."]
  pruneopts = "UT"
  revision = "9da31745363232bc1e27dbab3569e77383a51585"

[[projects]]
  branch = "master"
  digest = "1:b9c42f33c234710d5f6167a11a184c2ae4fa0456d828b736b387a43f7b613c77"
  name = "github.com/couchbase/vellum"
  packages = [
    ".",
    "regexp",
    "utf8",
  ]
  pruneopts = "UT"
  revision = "ed84a675e24ed0a0bf6859b1ddec7e7c858354bd"

[[projects]]
  digest = "1:a2c1d0e43bd3baaa071d1b9ed72c27d78169b2b269f71c105ac4ba34b1be4a39"
  name = "github.com/davecgh/go-spew"
  packages = ["spew"]
  pruneopts = "UT"
  revision = "346938d642f2ec3594ed81d874461961cd0faa76"
  version = "v1.1.0"

[[projects]]
  branch = "master"
  digest = "1:f7b90efb7864b6e858c2ba8303c95b5303c869dc46957955c419fa6bf39405ff"
  name = "github.com/dietsche/rfsnotify"
  packages = ["."]
  pruneopts = "UT"
  revision = "94bf32bab0afb5f7d8b1af410fd89118eae02de2"

[[projects]]
  branch = "master"
  digest = "1:ee7fe6a68ba9f21bc748293d4e1e66ad327f64a89b0f5ba2d021430babd4b8c9"
  name = "github.com/dustin/go-humanize"
  packages = ["."]
  pruneopts = "UT"
  revision = "bb3d318650d48840a39aa21a027c6630e198e626"

[[projects]]
  branch = "master"
  digest = "1:67d0b50be0549e610017cb91e0b0b745ec0cad7c613bc8e18ff2d1c1fc8825a7"
  name = "github.com/edsrzf/mmap-go"
  packages = ["."]
  pruneopts = "UT"
  revision = "0bce6a6887123b67a60366d2c9fe2dfb74289d2e"

[[projects]]
  branch = "master"
  digest = "1:f4f6279cb37479954644babd8f8ef00584ff9fa63555d2c6718c1c3517170202"
  name = "github.com/elazarl/go-bindata-assetfs"
  packages = ["."]
  pruneopts = "UT"
  revision = "30f82fa23fd844bd5bb1e5f216db87fd77b5eb43"

[[projects]]
  digest = "1:abeb38ade3f32a92943e5be54f55ed6d6e3b6602761d74b4aab4c9dd45c18abd"
  name = "github.com/fsnotify/fsnotify"
  packages = ["."]
  pruneopts = "UT"
  revision = "c2828203cd70a50dcccfb2761f8b1f8ceef9a8e9"
  version = "v1.4.7"

[[projects]]
  branch = "master"
  digest = "1:1d5389782e877c8c0914db3ec9282d89a644b07886a76740cd0ad838a34e525d"
  name = "github.com/glycerine/go-unsnap-stream"
  packages = ["."]
  pruneopts = "UT"
  revision = "62a9a9eb44fd8932157b1a8ace2149eff5971af6"

[[projects]]
  digest = "1:8dfa0b1b7c4b7398d46340aef0f2a58aad5a75959eeeb79e023ab826f0c7f7f0"
  name = "github.com/go-zoo/bone"
  packages = ["."]
  pruneopts = "UT"
  revision = "fd0aebc74e908868b09ac140fb5a53cb363884c1"
  version = "1.2"

[[projects]]
  branch = "master"
  digest = "1:9b0e71863f18fc5de645a263184c8a6409ae731e847b35b25da4be818f1975fa"
  name = "github.com/golang/protobuf"
  packages = ["proto"]
  pruneopts = "UT"
  revision = "1e59b77b52bf8e4b449a57e6f79f21226d571845"

[[projects]]
  branch = "master"
  digest = "1:29a5ab9fa9e845fd8e8726f31b187d710afd271ef1eb32085fe3d604b7e06382"
  name = "github.com/golang/snappy"
  packages = ["."]
  pruneopts = "UT"
  revision = "553a641470496b2327abcac10b36396bd98e45c9"

[[projects]]
  branch = "master"
  digest = "1:c79fb010be38a59d657c48c6ba1d003a8aa651fa56b579d959d74573b7dff8e1"
  name = "github.com/gorilla/context"
  packages = ["."]
  pruneopts = "UT"
  revision = "08b5f424b9271eedf6f9f0ce86cb9396ed337a42"

[[projects]]
  branch = "master"
  digest = "1:e72d1ebb8d395cf9f346fd9cbc652e5ae222dd85e0ac842dc57f175abed6d195"
  name = "github.com/gorilla/securecookie"
  packages = ["."]
  pruneopts = "UT"
  revision = "e59506cc896acb7f7bf732d4fdf5e25f7ccd8983"

[[projects]]
  branch = "master"
  digest = "1:4dcea9c458e0acfb049b664f9ec8530ad85946f5d5c18adf874426f37ae2664e"
  name = "github.com/gorilla/sessions"
  packages = ["."]
  pruneopts = "UT"
  revision = "a3acf13e802c358d65f249324d14ed24aac11370"

[[projects]]
  branch = "master"
  digest = "1:609564d537d15f3fa54a11b0449611c81c72ee95218ff0ea267e501c862c3532"
  name = "github.com/gregjones/httpcache"
  packages = ["."]
  pruneopts = "UT"
  revision = "2bcd89a1743fd4b373f7370ce8ddc14dfbd18229"

[[projects]]
  branch = "master"
  digest = "1:466594e2922a8ca66af07370ea29726c0d40272baaad1158a36cd94baa6367d1"
  name = "github.com/hashicorp/hcl"
  packages = [
    ".",
    "hcl/ast",
    "hcl/parser",
    "hcl/printer",
    "hcl/scanner",
    "hcl/strconv",
    "hcl/token",
    "json/parser",
    "json/scanner",
    "json/token",
  ]
  pruneopts = "UT"
  revision = "23c074d0eceb2b8a5bfdbb271ab780cde70f05a8"

[[projects]]
  digest = "1:a00a192561e5f6c7074cc8d041c290399f5a117f1e48eb2d3096aa570675ab7a"
  name = "github.com/husobee/vestigo"
  packages = ["."]
  pruneopts = "UT"
  revision = "8ad6f810576cc32c82c6e59d46003cd011b331a0"
  version = "v1.0.2"

[[projects]]
  digest = "1:25e2e1167476b728d2b1fd5d8be3dde6de21ad7469a89aab0353d6dce9c8e998"
  name = "github.com/leekchan/accounting"
  packages = ["."]
  pruneopts = "UT"
  revision = "a35854c075934d6aa1a6c1ab3ea8a82ee0dc1a93"
  version = "v0.2"

[[projects]]
  digest = "1:737b7bc969e207193639c1f96c7b9d0ed8d6c5b5fa33fa3e0c2adb899a02e388"
  name = "github.com/magiconair/properties"
  packages = ["."]
  pruneopts = "UT"
  revision = "d419a98cdbed11a922bf76f257b7c4be79b50e73"
  version = "v1.7.4"

[[projects]]
  branch = "master"
  digest = "1:dd17cdb45332fa916e60be28c7bfce8fdae382e7e29623165182f68bd6498c8f"
  name = "github.com/martinlindhe/base36"
  packages = ["."]
  pruneopts = "UT"
  revision = "44e007f2c95e7c7396eb67802b9bd1ac9123785f"

[[projects]]
  branch = "master"
  digest = "1:133f15147cae09f22b6b0e5ed0bac13e6bc1c2a1a604e516ff360e5e0d54783a"
  name = "github.com/mash/go-accesslog"
  packages = ["."]
  pruneopts = "UT"
  revision = "2504c70e272f969dbeaf25496babeb19f59a0802"

[[projects]]
  branch = "master"
  digest = "1:8abbe3953d396fad8a4106b77e0fc89c6ee6d308a78f739be31a20fb8c9b4ed0"
  name = "github.com/mitchellh/mapstructure"
  packages = ["."]
  pruneopts = "UT"
  revision = "b4575eea38cca1123ec2dc90c26529b5c5acfcff"

[[projects]]
  digest = "1:371cb9b6ec561022b69e0c3547eb7babd8bf0f556c49ac46f56c07d8ab42c0df"
  name = "github.com/montanaflynn/stats"
  packages = ["."]
  pruneopts = "UT"
  revision = "eeaced052adbcfeea372c749c281099ed7fdaa38"
  version = "0.2.0"

[[projects]]
  branch = "master"
  digest = "1:c22fdadfe2de0e1df75987cac34f1c721157dc24f180c76b4ef66a3c9637a799"
  name = "github.com/mschoch/smat"
  packages = ["."]
  pruneopts = "UT"
  revision = "90eadee771aeab36e8bf796039b8c261bebebe4f"

[[projects]]
  digest = "1:9af6e6f3d2b57cf28ff14c411d712e5dfb6ed42f566c7523dbdc066f48a5b0af"
  name = "github.com/mssola/user_agent"
  packages = ["."]
  pruneopts = "UT"
  revision = "85b2f5798558a46fc23443c596e781712f4b7792"
  version = "v0.4.1"

[[projects]]
  branch = "master"
  digest = "1:9ff30cba87a0683557c6da48b65b5fc141f6bb4f7ccb00739230b1508f87e6a1"
  name = "github.com/newrelic/go-agent"
  packages = [
    ".",
    "internal",
    "internal/cat",
    "internal/jsonx",
    "internal/logger",
    "internal/sysinfo",
    "internal/utilization",
  ]
  pruneopts = "UT"
  revision = "a5d75f2b4787aa1bbc76688187b2353f8ff581a6"

[[projects]]
  digest = "1:342c898ef85c5032840d1518520957db169673495e4e1455f3f1f0eaca9a4994"
  name = "github.com/pelletier/go-toml"
  packages = ["."]
  pruneopts = "UT"
  revision = "16398bac157da96aa88f98a2df640c7f32af1da2"
  version = "v1.0.1"

[[projects]]
  digest = "1:5e73b34a27d827212102605789de00bd411b2e434812133c83935fe9897c75e1"
  name = "github.com/philhofer/fwd"
  packages = ["."]
  pruneopts = "UT"
  revision = "bb6d471dc95d4fe11e432687f8b70ff496cf3136"
  version = "v1.0.0"

[[projects]]
  digest = "1:0028cb19b2e4c3112225cd871870f2d9cf49b9b4276531f03438a88e94be86fe"
  name = "github.com/pmezard/go-difflib"
  packages = ["difflib"]
  pruneopts = "UT"
  revision = "792786c7400a136282c1664665ae0a8db921c6c2"
  version = "v1.0.0"

[[projects]]
  branch = "master"
  digest = "1:63987b971c0f3240a0f1eed70b80b360e6a57d7a8c85ed7daa8bf770319ab308"
  name = "github.com/pquerna/ffjson"
  packages = [
    "ffjson",
    "fflib/v1",
    "fflib/v1/internal",
  ]
  pruneopts = "UT"
  revision = "af8b230fcd2007c7095168ca8ab94c68b60840c6"

[[projects]]
  branch = "master"
  digest = "1:b358e9b7472d24a63b02faf13fed9eb0b5ec2ead02f35369e554e173d33357e3"
  name = "github.com/sethgrid/pester"
  packages = ["."]
  pruneopts = "UT"
  revision = "760f8913c0483b776294e1bee43f1d687527127b"

[[projects]]
  digest = "1:1fccaaeae58b2a2f1af4dbf7eee92ff14f222e161d143bfd20082ef664f91216"
  name = "github.com/spf13/afero"
  packages = [
    ".",
    "mem",
  ]
  pruneopts = "UT"
  revision = "ec3a3111d1e1bdff38a61e09d5a5f5e974905611"
  version = "v1.0.1"

[[projects]]
  digest = "1:9b28ee2984c69d78afe2ce52b1650ba91a6381f355ff08c1d0e53d9e66bd62fe"
  name = "github.com/spf13/cast"
  packages = ["."]
  pruneopts = "UT"
  revision = "acbeb36b902d72a7a4c18e8f3241075e7ab763e4"
  version = "v1.1.0"

[[projects]]
  branch = "master"
  digest = "1:080e5f630945ad754f4b920e60b4d3095ba0237ebf88dc462eb28002932e3805"
  name = "github.com/spf13/jwalterweatherman"
  packages = ["."]
  pruneopts = "UT"
  revision = "7c0cea34c8ece3fbeb2b27ab9b59511d360fb394"

[[projects]]
  digest = "1:1b21a2b4058a779f290c7341cd93267492e0ecea6c8b54f64a4a5fd7ff131034"
  name = "github.com/spf13/pflag"
  packages = ["."]
  pruneopts = "UT"
  revision = "e57e3eeb33f795204c1ca35f56c44f83227c6e66"
  version = "v1.0.0"

[[projects]]
  branch = "master"
  digest = "1:1c62a87f6a77def3be788ed3d4817731826913f02bad2558ae32010595ffa4c4"
  name = "github.com/spf13/viper"
  packages = ["."]
  pruneopts = "UT"
  revision = "aafc9e6bc7b7bb53ddaa75a5ef49a17d6e654be5"

[[projects]]
  branch = "master"
  digest = "1:970bd01f655c6e4cf6d335aadded53eca531d3d856f7de61eebe6fc253552b49"
  name = "github.com/steveyen/gtreap"
  packages = ["."]
  pruneopts = "UT"
  revision = "0abe01ef9be25c4aedc174758ec2d917314d6d70"

[[projects]]
  digest = "1:f851adbf061d78e8927a16c7f2e87d63f5f1a36f5485fdea01b8ab9d46af356c"
  name = "github.com/stretchr/testify"
  packages = ["assert"]
  pruneopts = "UT"
  revision = "b91bfb9ebec76498946beb6af7c0230c7cc7ba6c"
  version = "v1.2.0"

[[projects]]
  digest = "1:eaa6698f44de8f2977e93c9b946e60a8af75f565058658aad2df8032b55c84e5"
  name = "github.com/tinylib/msgp"
  packages = ["msgp"]
  pruneopts = "UT"
  revision = "b2b6a672cf1e5b90748f79b8b81fc8c5cf0571a1"
  version = "1.0.2"

[[projects]]
  digest = "1:981fe66c332248711bafe3b5033e939cfd175e897e20a14905d4fcdc0fd68f59"
  name = "github.com/willf/bitset"
  packages = ["."]
  pruneopts = "UT"
  revision = "d860f346b89450988a379d7d705e83c58d1ea227"
  version = "v1.1.3"

[[projects]]
  branch = "master"
  digest = "1:1a1835f8f9526ed161d9992f2a26633f52d141f6e453548f1289f577c0c23459"
  name = "golang.org/x/crypto"
  packages = [
    "acme",
    "acme/autocert",
  ]
  pruneopts = "UT"
  revision = "13931e22f9e72ea58bb73048bc752b48c6d4d4ac"

[[projects]]
  branch = "master"
  digest = "1:d6b719875cf8091fbab38527d81d34e71f4521b9ee9ccfbd4a32cff2ac5af96e"
  name = "golang.org/x/net"
  packages = [
    "context",
    "context/ctxhttp",
  ]
  pruneopts = "UT"
  revision = "5ccada7d0a7ba9aeb5d3aca8d3501b4c2a509fec"

[[projects]]
  branch = "master"
  digest = "1:43677ebbe6f01b4a938aa9f8877ea1690b15c693c0866e525a569961b53a4e3a"
  name = "golang.org/x/oauth2"
  packages = [
    ".",
    "internal",
  ]
  pruneopts = "UT"
  revision = "30785a2c434e431ef7c507b54617d6a951d5f2b4"

[[projects]]
  branch = "master"
  digest = "1:b74f0dac7f763cdcc2b0f9500f3749331489982006ffbb94911480bca37f580b"
  name = "golang.org/x/sys"
  packages = ["unix"]
  pruneopts = "UT"
  revision = "810d7000345868fc619eb81f46307107118f4ae1"

[[projects]]
  branch = "master"
  digest = "1:8029e9743749d4be5bc9f7d42ea1659471767860f0cdc34d37c3111bd308a295"
  name = "golang.org/x/text"
  packages = [
    "internal/gen",
    "internal/triegen",
    "internal/ucd",
    "transform",
    "unicode/cldr",
    "unicode/norm",
  ]
  pruneopts = "UT"
  revision = "e19ae1496984b1c655b8044a65c0300a3c878dd3"

[[projects]]
  digest = "1:9cf45e754ab2dff5f53a553e6948b994ff738e4d1092ca608dcada945d8be0ef"
  name = "google.golang.org/appengine"
  packages = [
    "internal",
    "internal/base",
    "internal/datastore",
    "internal/log",
    "internal/remote_api",
    "internal/urlfetch",
    "urlfetch",
  ]
  pruneopts = "UT"
  revision = "150dc57a1b433e64154302bdc40b6bb8aefa313a"
  version = "v1.0.0"

[[projects]]
  digest = "1:abeb38ade3f32a92943e5be54f55ed6d6e3b6602761d74b4aab4c9dd45c18abd"
  name = "gopkg.in/fsnotify.v1"
  packages = ["."]
  pruneopts = "UT"
  revision = "c2828203cd70a50dcccfb2761f8b1f8ceef9a8e9"
  version = "v1.4.7"

[[projects]]
  branch = "v2"
  digest = "1:73e6fda93622790d2371344759df06ff5ff2fac64a6b6e8832b792e7402956e7"
  name = "gopkg.in/yaml.v2"
  packages = ["."]
  pruneopts = "UT"
  revision = "d670f9405373e636a5a2765eea47fac0c9bc91a4"
  source = "https://github.com/go-yaml/yaml.git"

[solve-meta]
  analyzer-name = "dep"
  analyzer-version = 1
  input-imports = [
    "github.com/NYTimes/gziphandler",
    "github.com/blevesearch/bleve",
    "github.com/blevesearch/bleve/analysis/analyzer/standard",
    "github.com/blevesearch/bleve/index/store/boltdb",
    "github.com/boltdb/bolt",
    "github.com/davecgh/go-spew/spew",
    "github.com/dietsche/rfsnotify",
    "github.com/dustin/go-humanize",
    "github.com/elazarl/go-bindata-assetfs",
    "github.com/go-zoo/bone",
    "github.com/golang/snappy",
    "github.com/gorilla/context",
    "github.com/gorilla/securecookie",
    "github.com/gorilla/sessions",
    "github.com/gregjones/httpcache",
    "github.com/husobee/vestigo",
    "github.com/leekchan/accounting",
    "github.com/martinlindhe/base36",
    "github.com/mash/go-accesslog",
    "github.com/montanaflynn/stats",
    "github.com/mssola/user_agent",
    "github.com/newrelic/go-agent",
    "github.com/pquerna/ffjson/ffjson",
    "github.com/sethgrid/pester",
    "github.com/spf13/viper",
    "github.com/stretchr/testify/assert",
    "golang.org/x/crypto/acme/autocert",
    "golang.org/x/oauth2",
    "gopkg.in/fsnotify.v1",
    "gopkg.in/yaml.v2",
  ]
  solver-name = "gps-cdcl"
  solver-version = 1
